PODS:
  - Foursquare-API-v2 (1.3.1)
  - MMDrawerController (0.5.1):
    - MMDrawerController/Core
    - MMDrawerController/MMDrawerBarButtonItem
    - MMDrawerController/MMDrawerVisualStates
    - MMDrawerController/Subclass
  - MMDrawerController/Core (0.5.1)
  - MMDrawerController/MMDrawerBarButtonItem (0.5.1):
    - MMDrawerController/Core
  - MMDrawerController/MMDrawerVisualStates (0.5.1):
    - MMDrawerController/Core
  - MMDrawerController/Subclass (0.5.1):
    - MMDrawerController/Core
  - SVProgressHUD (0.9)

DEPENDENCIES:
  - Foursquare-API-v2 (from `https://github.com/jmburges/Foursquare-API-v2.git`)
  - MMDrawerController
  - SVProgressHUD

EXTERNAL SOURCES:
  Foursquare-API-v2:
    :git: https://github.com/jmburges/Foursquare-API-v2.git

SPEC CHECKSUMS:
  Foursquare-API-v2: e93ee5fadff94b9a07f560c0f5ed9b5aa3e78074
  MMDrawerController: 3e22aec684dbee5307ff9d1e76523003a3303a2d
  SVProgressHUD: 03d4845ec8e64591726428a08236c6a5489d45f8

COCOAPODS: 0.26.2
