<?xml version="1.0" encoding="UTF-8"?>
<!DOCTYPE plist PUBLIC "-//Apple//DTD PLIST 1.0//EN" "http://www.apple.com/DTDs/PropertyList-1.0.dtd">
<plist version="1.0">
<dict>
	<key>archiveVersion</key>
	<string>1</string>
	<key>classes</key>
	<dict/>
	<key>objectVersion</key>
	<string>46</string>
	<key>objects</key>
	<dict>
		<key>30A539E21805E8B300ADDE98</key>
		<dict>
			<key>children</key>
			<array>
				<string>F12AB5B8181724ED00FF293B</string>
				<string>F12AB5B9181724ED00FF293B</string>
				<string>F19610E818074FFD005A9849</string>
				<string>30A539F41805E8B300ADDE98</string>
				<string>30A53A131805E8B300ADDE98</string>
				<string>30A539ED1805E8B300ADDE98</string>
				<string>30A539EC1805E8B300ADDE98</string>
				<string>9ED7027564474637B3692AF4</string>
			</array>
			<key>isa</key>
			<string>PBXGroup</string>
			<key>sourceTree</key>
			<string>&lt;group&gt;</string>
		</dict>
		<key>30A539E31805E8B300ADDE98</key>
		<dict>
			<key>attributes</key>
			<dict>
				<key>LastUpgradeCheck</key>
				<string>0500</string>
				<key>ORGANIZATIONNAME</key>
				<string>Jay Abdallah</string>
				<key>TargetAttributes</key>
				<dict>
					<key>30A539EA1805E8B300ADDE98</key>
					<dict>
						<key>SystemCapabilities</key>
						<dict>
							<key>com.apple.BackgroundModes</key>
							<dict>
								<key>enabled</key>
								<string>1</string>
							</dict>
						</dict>
					</dict>
					<key>30A53A0B1805E8B300ADDE98</key>
					<dict>
						<key>TestTargetID</key>
						<string>30A539EA1805E8B300ADDE98</string>
					</dict>
				</dict>
			</dict>
			<key>buildConfigurationList</key>
			<string>30A539E61805E8B300ADDE98</string>
			<key>compatibilityVersion</key>
			<string>Xcode 3.2</string>
			<key>developmentRegion</key>
			<string>English</string>
			<key>hasScannedForEncodings</key>
			<string>0</string>
			<key>isa</key>
			<string>PBXProject</string>
			<key>knownRegions</key>
			<array>
				<string>en</string>
				<string>Base</string>
			</array>
			<key>mainGroup</key>
			<string>30A539E21805E8B300ADDE98</string>
			<key>productRefGroup</key>
			<string>30A539EC1805E8B300ADDE98</string>
			<key>projectDirPath</key>
			<string></string>
			<key>projectReferences</key>
			<array/>
			<key>projectRoot</key>
			<string></string>
			<key>targets</key>
			<array>
				<string>30A539EA1805E8B300ADDE98</string>
				<string>30A53A0B1805E8B300ADDE98</string>
			</array>
		</dict>
		<key>30A539E61805E8B300ADDE98</key>
		<dict>
			<key>buildConfigurations</key>
			<array>
				<string>30A53A1B1805E8B300ADDE98</string>
				<string>30A53A1C1805E8B300ADDE98</string>
			</array>
			<key>defaultConfigurationIsVisible</key>
			<string>0</string>
			<key>defaultConfigurationName</key>
			<string>Release</string>
			<key>isa</key>
			<string>XCConfigurationList</string>
		</dict>
		<key>30A539E71805E8B300ADDE98</key>
		<dict>
			<key>buildActionMask</key>
			<string>2147483647</string>
			<key>files</key>
			<array>
				<string>30A53A051805E8B300ADDE98</string>
				<string>30A53A301806061C00ADDE98</string>
				<string>F1916867181954FC006C3682</string>
				<string>D87F684718181A0A0045DCD3</string>
				<string>F19610EE1807519B005A9849</string>
				<string>D87F6862181820A90045DCD3</string>
				<string>D87F685C181820A90045DCD3</string>
				<string>F19610E418073863005A9849</string>
				<string>30A539FF1805E8B300ADDE98</string>
				<string>F19168751819647F006C3682</string>
				<string>F12AB5BA181724ED00FF293B</string>
				<string>D87F685F181820A90045DCD3</string>
				<string>F19610DF18073279005A9849</string>
				<string>6ED59B6B1819590B003B4BAC</string>
				<string>F11B6020180C8233005A15E8</string>
				<string>D87F6859181820A80045DCD3</string>
				<string>30A539FB1805E8B300ADDE98</string>
				<string>F11B363018187C0B005F2D8C</string>
				<string>F11B362D18187C0B005F2D8C</string>
			</array>
			<key>isa</key>
			<string>PBXSourcesBuildPhase</string>
			<key>runOnlyForDeploymentPostprocessing</key>
			<string>0</string>
		</dict>
		<key>30A539E81805E8B300ADDE98</key>
		<dict>
			<key>buildActionMask</key>
			<string>2147483647</string>
			<key>files</key>
			<array>
				<string>F191686A181955D7006C3682</string>
				<string>F12AB5B4181724B900FF293B</string>
				<string>30A53A351806090F00ADDE98</string>
				<string>F19610E1180732D4005A9849</string>
				<string>30A539F11805E8B300ADDE98</string>
				<string>30A539F31805E8B300ADDE98</string>
				<string>30A539EF1805E8B300ADDE98</string>
				<string>58B82988CFA44CDBBF8BB300</string>
			</array>
			<key>isa</key>
			<string>PBXFrameworksBuildPhase</string>
			<key>runOnlyForDeploymentPostprocessing</key>
			<string>0</string>
		</dict>
		<key>30A539E91805E8B300ADDE98</key>
		<dict>
			<key>buildActionMask</key>
			<string>2147483647</string>
			<key>files</key>
			<array>
				<string>F19168761819647F006C3682</string>
				<string>F11B6023180C97CE005A15E8</string>
				<string>F191686C18195B1C006C3682</string>
				<string>F19610EA18074FFD005A9849</string>
				<string>F1916868181954FC006C3682</string>
				<string>30A53A071805E8B300ADDE98</string>
				<string>F19610EF1807519B005A9849</string>
				<string>30A539F91805E8B300ADDE98</string>
				<string>30A53A021805E8B300ADDE98</string>
				<string>F1916863181954B0006C3682</string>
				<string>F11B6021180C8233005A15E8</string>
			</array>
			<key>isa</key>
			<string>PBXResourcesBuildPhase</string>
			<key>runOnlyForDeploymentPostprocessing</key>
			<string>0</string>
		</dict>
		<key>30A539EA1805E8B300ADDE98</key>
		<dict>
			<key>buildConfigurationList</key>
			<string>30A53A1D1805E8B300ADDE98</string>
			<key>buildPhases</key>
			<array>
				<string>660D8B4FFB704D61BB36FE62</string>
				<string>30A539E71805E8B300ADDE98</string>
				<string>30A539E81805E8B300ADDE98</string>
				<string>30A539E91805E8B300ADDE98</string>
				<string>E3902952446244FE8D0DC8F4</string>
			</array>
			<key>buildRules</key>
			<array/>
			<key>dependencies</key>
			<array/>
			<key>isa</key>
			<string>PBXNativeTarget</string>
			<key>name</key>
			<string>LocationQuiz</string>
			<key>productName</key>
			<string>LocationQuiz</string>
			<key>productReference</key>
			<string>30A539EB1805E8B300ADDE98</string>
			<key>productType</key>
			<string>com.apple.product-type.application</string>
		</dict>
		<key>30A539EB1805E8B300ADDE98</key>
		<dict>
			<key>explicitFileType</key>
			<string>wrapper.application</string>
			<key>includeInIndex</key>
			<string>0</string>
			<key>isa</key>
			<string>PBXFileReference</string>
			<key>path</key>
			<string>LocationQuiz.app</string>
			<key>sourceTree</key>
			<string>BUILT_PRODUCTS_DIR</string>
		</dict>
		<key>30A539EC1805E8B300ADDE98</key>
		<dict>
			<key>children</key>
			<array>
				<string>30A539EB1805E8B300ADDE98</string>
				<string>30A53A0C1805E8B300ADDE98</string>
			</array>
			<key>isa</key>
			<string>PBXGroup</string>
			<key>name</key>
			<string>Products</string>
			<key>sourceTree</key>
			<string>&lt;group&gt;</string>
		</dict>
		<key>30A539ED1805E8B300ADDE98</key>
		<dict>
			<key>children</key>
			<array>
				<string>F1916869181955D7006C3682</string>
				<string>F12AB5B3181724B900FF293B</string>
				<string>F19610E0180732D4005A9849</string>
				<string>30A53A341806090F00ADDE98</string>
				<string>30A539EE1805E8B300ADDE98</string>
				<string>30A539F01805E8B300ADDE98</string>
				<string>30A539F21805E8B300ADDE98</string>
				<string>30A53A0D1805E8B300ADDE98</string>
				<string>D678747B17394053BADA2260</string>
			</array>
			<key>isa</key>
			<string>PBXGroup</string>
			<key>name</key>
			<string>Frameworks</string>
			<key>sourceTree</key>
			<string>&lt;group&gt;</string>
		</dict>
		<key>30A539EE1805E8B300ADDE98</key>
		<dict>
			<key>isa</key>
			<string>PBXFileReference</string>
			<key>lastKnownFileType</key>
			<string>wrapper.framework</string>
			<key>name</key>
			<string>Foundation.framework</string>
			<key>path</key>
			<string>System/Library/Frameworks/Foundation.framework</string>
			<key>sourceTree</key>
			<string>SDKROOT</string>
		</dict>
		<key>30A539EF1805E8B300ADDE98</key>
		<dict>
			<key>fileRef</key>
			<string>30A539EE1805E8B300ADDE98</string>
			<key>isa</key>
			<string>PBXBuildFile</string>
		</dict>
		<key>30A539F01805E8B300ADDE98</key>
		<dict>
			<key>isa</key>
			<string>PBXFileReference</string>
			<key>lastKnownFileType</key>
			<string>wrapper.framework</string>
			<key>name</key>
			<string>CoreGraphics.framework</string>
			<key>path</key>
			<string>System/Library/Frameworks/CoreGraphics.framework</string>
			<key>sourceTree</key>
			<string>SDKROOT</string>
		</dict>
		<key>30A539F11805E8B300ADDE98</key>
		<dict>
			<key>fileRef</key>
			<string>30A539F01805E8B300ADDE98</string>
			<key>isa</key>
			<string>PBXBuildFile</string>
		</dict>
		<key>30A539F21805E8B300ADDE98</key>
		<dict>
			<key>isa</key>
			<string>PBXFileReference</string>
			<key>lastKnownFileType</key>
			<string>wrapper.framework</string>
			<key>name</key>
			<string>UIKit.framework</string>
			<key>path</key>
			<string>System/Library/Frameworks/UIKit.framework</string>
			<key>sourceTree</key>
			<string>SDKROOT</string>
		</dict>
		<key>30A539F31805E8B300ADDE98</key>
		<dict>
			<key>fileRef</key>
			<string>30A539F21805E8B300ADDE98</string>
			<key>isa</key>
			<string>PBXBuildFile</string>
		</dict>
		<key>30A539F41805E8B300ADDE98</key>
		<dict>
			<key>children</key>
			<array>
				<string>30A53A2D1805F2EE00ADDE98</string>
				<string>30A53A2C1805F2E900ADDE98</string>
				<string>30A53A061805E8B300ADDE98</string>
				<string>30A539F51805E8B300ADDE98</string>
			</array>
			<key>isa</key>
			<string>PBXGroup</string>
			<key>path</key>
			<string>LocationQuiz</string>
			<key>sourceTree</key>
			<string>&lt;group&gt;</string>
		</dict>
		<key>30A539F51805E8B300ADDE98</key>
		<dict>
			<key>children</key>
			<array>
				<string>30A539F61805E8B300ADDE98</string>
				<string>30A539F71805E8B300ADDE98</string>
				<string>30A539FA1805E8B300ADDE98</string>
				<string>30A539FC1805E8B300ADDE98</string>
			</array>
			<key>isa</key>
			<string>PBXGroup</string>
			<key>name</key>
			<string>Supporting Files</string>
			<key>sourceTree</key>
			<string>&lt;group&gt;</string>
		</dict>
		<key>30A539F61805E8B300ADDE98</key>
		<dict>
			<key>isa</key>
			<string>PBXFileReference</string>
			<key>lastKnownFileType</key>
			<string>text.plist.xml</string>
			<key>path</key>
			<string>LocationQuiz-Info.plist</string>
			<key>sourceTree</key>
			<string>&lt;group&gt;</string>
		</dict>
		<key>30A539F71805E8B300ADDE98</key>
		<dict>
			<key>children</key>
			<array>
				<string>30A539F81805E8B300ADDE98</string>
			</array>
			<key>isa</key>
			<string>PBXVariantGroup</string>
			<key>name</key>
			<string>InfoPlist.strings</string>
			<key>sourceTree</key>
			<string>&lt;group&gt;</string>
		</dict>
		<key>30A539F81805E8B300ADDE98</key>
		<dict>
			<key>isa</key>
			<string>PBXFileReference</string>
			<key>lastKnownFileType</key>
			<string>text.plist.strings</string>
			<key>name</key>
			<string>en</string>
			<key>path</key>
			<string>en.lproj/InfoPlist.strings</string>
			<key>sourceTree</key>
			<string>&lt;group&gt;</string>
		</dict>
		<key>30A539F91805E8B300ADDE98</key>
		<dict>
			<key>fileRef</key>
			<string>30A539F71805E8B300ADDE98</string>
			<key>isa</key>
			<string>PBXBuildFile</string>
		</dict>
		<key>30A539FA1805E8B300ADDE98</key>
		<dict>
			<key>isa</key>
			<string>PBXFileReference</string>
			<key>lastKnownFileType</key>
			<string>sourcecode.c.objc</string>
			<key>path</key>
			<string>main.m</string>
			<key>sourceTree</key>
			<string>&lt;group&gt;</string>
		</dict>
		<key>30A539FB1805E8B300ADDE98</key>
		<dict>
			<key>fileRef</key>
			<string>30A539FA1805E8B300ADDE98</string>
			<key>isa</key>
			<string>PBXBuildFile</string>
		</dict>
		<key>30A539FC1805E8B300ADDE98</key>
		<dict>
			<key>isa</key>
			<string>PBXFileReference</string>
			<key>lastKnownFileType</key>
			<string>sourcecode.c.h</string>
			<key>path</key>
			<string>LocationQuiz-Prefix.pch</string>
			<key>sourceTree</key>
			<string>&lt;group&gt;</string>
		</dict>
		<key>30A539FD1805E8B300ADDE98</key>
		<dict>
			<key>isa</key>
			<string>PBXFileReference</string>
			<key>lastKnownFileType</key>
			<string>sourcecode.c.h</string>
			<key>path</key>
			<string>AppDelegate.h</string>
			<key>sourceTree</key>
			<string>&lt;group&gt;</string>
		</dict>
		<key>30A539FE1805E8B300ADDE98</key>
		<dict>
			<key>isa</key>
			<string>PBXFileReference</string>
			<key>lastKnownFileType</key>
			<string>sourcecode.c.objc</string>
			<key>path</key>
			<string>AppDelegate.m</string>
			<key>sourceTree</key>
			<string>&lt;group&gt;</string>
		</dict>
		<key>30A539FF1805E8B300ADDE98</key>
		<dict>
			<key>fileRef</key>
			<string>30A539FE1805E8B300ADDE98</string>
			<key>isa</key>
			<string>PBXBuildFile</string>
		</dict>
		<key>30A53A001805E8B300ADDE98</key>
		<dict>
			<key>children</key>
			<array>
				<string>30A53A011805E8B300ADDE98</string>
			</array>
			<key>isa</key>
			<string>PBXVariantGroup</string>
			<key>name</key>
			<string>Main.storyboard</string>
			<key>sourceTree</key>
			<string>&lt;group&gt;</string>
		</dict>
		<key>30A53A011805E8B300ADDE98</key>
		<dict>
			<key>isa</key>
			<string>PBXFileReference</string>
			<key>lastKnownFileType</key>
			<string>file.storyboard</string>
			<key>name</key>
			<string>Base</string>
			<key>path</key>
			<string>Base.lproj/Main.storyboard</string>
			<key>sourceTree</key>
			<string>&lt;group&gt;</string>
		</dict>
		<key>30A53A021805E8B300ADDE98</key>
		<dict>
			<key>fileRef</key>
			<string>30A53A001805E8B300ADDE98</string>
			<key>isa</key>
			<string>PBXBuildFile</string>
		</dict>
		<key>30A53A031805E8B300ADDE98</key>
		<dict>
			<key>isa</key>
			<string>PBXFileReference</string>
			<key>lastKnownFileType</key>
			<string>sourcecode.c.h</string>
			<key>path</key>
			<string>ViewController.h</string>
			<key>sourceTree</key>
			<string>&lt;group&gt;</string>
		</dict>
		<key>30A53A041805E8B300ADDE98</key>
		<dict>
			<key>isa</key>
			<string>PBXFileReference</string>
			<key>lastKnownFileType</key>
			<string>sourcecode.c.objc</string>
			<key>path</key>
			<string>ViewController.m</string>
			<key>sourceTree</key>
			<string>&lt;group&gt;</string>
		</dict>
		<key>30A53A051805E8B300ADDE98</key>
		<dict>
			<key>fileRef</key>
			<string>30A53A041805E8B300ADDE98</string>
			<key>isa</key>
			<string>PBXBuildFile</string>
		</dict>
		<key>30A53A061805E8B300ADDE98</key>
		<dict>
			<key>isa</key>
			<string>PBXFileReference</string>
			<key>lastKnownFileType</key>
			<string>folder.assetcatalog</string>
			<key>path</key>
			<string>Images.xcassets</string>
			<key>sourceTree</key>
			<string>&lt;group&gt;</string>
		</dict>
		<key>30A53A071805E8B300ADDE98</key>
		<dict>
			<key>fileRef</key>
			<string>30A53A061805E8B300ADDE98</string>
			<key>isa</key>
			<string>PBXBuildFile</string>
		</dict>
		<key>30A53A081805E8B300ADDE98</key>
		<dict>
			<key>buildActionMask</key>
			<string>2147483647</string>
			<key>files</key>
			<array>
				<string>30A53A1A1805E8B300ADDE98</string>
			</array>
			<key>isa</key>
			<string>PBXSourcesBuildPhase</string>
			<key>runOnlyForDeploymentPostprocessing</key>
			<string>0</string>
		</dict>
		<key>30A53A091805E8B300ADDE98</key>
		<dict>
			<key>buildActionMask</key>
			<string>2147483647</string>
			<key>files</key>
			<array>
				<string>30A53A0E1805E8B300ADDE98</string>
				<string>30A53A101805E8B300ADDE98</string>
				<string>30A53A0F1805E8B300ADDE98</string>
			</array>
			<key>isa</key>
			<string>PBXFrameworksBuildPhase</string>
			<key>runOnlyForDeploymentPostprocessing</key>
			<string>0</string>
		</dict>
		<key>30A53A0A1805E8B300ADDE98</key>
		<dict>
			<key>buildActionMask</key>
			<string>2147483647</string>
			<key>files</key>
			<array>
				<string>30A53A181805E8B300ADDE98</string>
			</array>
			<key>isa</key>
			<string>PBXResourcesBuildPhase</string>
			<key>runOnlyForDeploymentPostprocessing</key>
			<string>0</string>
		</dict>
		<key>30A53A0B1805E8B300ADDE98</key>
		<dict>
			<key>buildConfigurationList</key>
			<string>30A53A201805E8B300ADDE98</string>
			<key>buildPhases</key>
			<array>
				<string>30A53A081805E8B300ADDE98</string>
				<string>30A53A091805E8B300ADDE98</string>
				<string>30A53A0A1805E8B300ADDE98</string>
			</array>
			<key>buildRules</key>
			<array/>
			<key>dependencies</key>
			<array>
				<string>30A53A121805E8B300ADDE98</string>
			</array>
			<key>isa</key>
			<string>PBXNativeTarget</string>
			<key>name</key>
			<string>LocationQuizTests</string>
			<key>productName</key>
			<string>LocationQuizTests</string>
			<key>productReference</key>
			<string>30A53A0C1805E8B300ADDE98</string>
			<key>productType</key>
			<string>com.apple.product-type.bundle.unit-test</string>
		</dict>
		<key>30A53A0C1805E8B300ADDE98</key>
		<dict>
			<key>explicitFileType</key>
			<string>wrapper.cfbundle</string>
			<key>includeInIndex</key>
			<string>0</string>
			<key>isa</key>
			<string>PBXFileReference</string>
			<key>path</key>
			<string>LocationQuizTests.xctest</string>
			<key>sourceTree</key>
			<string>BUILT_PRODUCTS_DIR</string>
		</dict>
		<key>30A53A0D1805E8B300ADDE98</key>
		<dict>
			<key>isa</key>
			<string>PBXFileReference</string>
			<key>lastKnownFileType</key>
			<string>wrapper.framework</string>
			<key>name</key>
			<string>XCTest.framework</string>
			<key>path</key>
			<string>Library/Frameworks/XCTest.framework</string>
			<key>sourceTree</key>
			<string>DEVELOPER_DIR</string>
		</dict>
		<key>30A53A0E1805E8B300ADDE98</key>
		<dict>
			<key>fileRef</key>
			<string>30A53A0D1805E8B300ADDE98</string>
			<key>isa</key>
			<string>PBXBuildFile</string>
		</dict>
		<key>30A53A0F1805E8B300ADDE98</key>
		<dict>
			<key>fileRef</key>
			<string>30A539EE1805E8B300ADDE98</string>
			<key>isa</key>
			<string>PBXBuildFile</string>
		</dict>
		<key>30A53A101805E8B300ADDE98</key>
		<dict>
			<key>fileRef</key>
			<string>30A539F21805E8B300ADDE98</string>
			<key>isa</key>
			<string>PBXBuildFile</string>
		</dict>
		<key>30A53A111805E8B300ADDE98</key>
		<dict>
			<key>containerPortal</key>
			<string>30A539E31805E8B300ADDE98</string>
			<key>isa</key>
			<string>PBXContainerItemProxy</string>
			<key>proxyType</key>
			<string>1</string>
			<key>remoteGlobalIDString</key>
			<string>30A539EA1805E8B300ADDE98</string>
			<key>remoteInfo</key>
			<string>LocationQuiz</string>
		</dict>
		<key>30A53A121805E8B300ADDE98</key>
		<dict>
			<key>isa</key>
			<string>PBXTargetDependency</string>
			<key>target</key>
			<string>30A539EA1805E8B300ADDE98</string>
			<key>targetProxy</key>
			<string>30A53A111805E8B300ADDE98</string>
		</dict>
		<key>30A53A131805E8B300ADDE98</key>
		<dict>
			<key>children</key>
			<array>
				<string>30A53A191805E8B300ADDE98</string>
				<string>30A53A141805E8B300ADDE98</string>
			</array>
			<key>isa</key>
			<string>PBXGroup</string>
			<key>path</key>
			<string>LocationQuizTests</string>
			<key>sourceTree</key>
			<string>&lt;group&gt;</string>
		</dict>
		<key>30A53A141805E8B300ADDE98</key>
		<dict>
			<key>children</key>
			<array>
				<string>30A53A151805E8B300ADDE98</string>
				<string>30A53A161805E8B300ADDE98</string>
			</array>
			<key>isa</key>
			<string>PBXGroup</string>
			<key>name</key>
			<string>Supporting Files</string>
			<key>sourceTree</key>
			<string>&lt;group&gt;</string>
		</dict>
		<key>30A53A151805E8B300ADDE98</key>
		<dict>
			<key>isa</key>
			<string>PBXFileReference</string>
			<key>lastKnownFileType</key>
			<string>text.plist.xml</string>
			<key>path</key>
			<string>LocationQuizTests-Info.plist</string>
			<key>sourceTree</key>
			<string>&lt;group&gt;</string>
		</dict>
		<key>30A53A161805E8B300ADDE98</key>
		<dict>
			<key>children</key>
			<array>
				<string>30A53A171805E8B300ADDE98</string>
			</array>
			<key>isa</key>
			<string>PBXVariantGroup</string>
			<key>name</key>
			<string>InfoPlist.strings</string>
			<key>sourceTree</key>
			<string>&lt;group&gt;</string>
		</dict>
		<key>30A53A171805E8B300ADDE98</key>
		<dict>
			<key>isa</key>
			<string>PBXFileReference</string>
			<key>lastKnownFileType</key>
			<string>text.plist.strings</string>
			<key>name</key>
			<string>en</string>
			<key>path</key>
			<string>en.lproj/InfoPlist.strings</string>
			<key>sourceTree</key>
			<string>&lt;group&gt;</string>
		</dict>
		<key>30A53A181805E8B300ADDE98</key>
		<dict>
			<key>fileRef</key>
			<string>30A53A161805E8B300ADDE98</string>
			<key>isa</key>
			<string>PBXBuildFile</string>
		</dict>
		<key>30A53A191805E8B300ADDE98</key>
		<dict>
			<key>isa</key>
			<string>PBXFileReference</string>
			<key>lastKnownFileType</key>
			<string>sourcecode.c.objc</string>
			<key>path</key>
			<string>LocationQuizTests.m</string>
			<key>sourceTree</key>
			<string>&lt;group&gt;</string>
		</dict>
		<key>30A53A1A1805E8B300ADDE98</key>
		<dict>
			<key>fileRef</key>
			<string>30A53A191805E8B300ADDE98</string>
			<key>isa</key>
			<string>PBXBuildFile</string>
		</dict>
		<key>30A53A1B1805E8B300ADDE98</key>
		<dict>
			<key>buildSettings</key>
			<dict>
				<key>ALWAYS_SEARCH_USER_PATHS</key>
				<string>NO</string>
				<key>ARCHS</key>
				<string>$(ARCHS_STANDARD_INCLUDING_64_BIT)</string>
				<key>CLANG_CXX_LANGUAGE_STANDARD</key>
				<string>gnu++0x</string>
				<key>CLANG_CXX_LIBRARY</key>
				<string>libc++</string>
				<key>CLANG_ENABLE_MODULES</key>
				<string>YES</string>
				<key>CLANG_ENABLE_OBJC_ARC</key>
				<string>YES</string>
				<key>CLANG_WARN_BOOL_CONVERSION</key>
				<string>YES</string>
				<key>CLANG_WARN_CONSTANT_CONVERSION</key>
				<string>YES</string>
				<key>CLANG_WARN_DIRECT_OBJC_ISA_USAGE</key>
				<string>YES_ERROR</string>
				<key>CLANG_WARN_EMPTY_BODY</key>
				<string>YES</string>
				<key>CLANG_WARN_ENUM_CONVERSION</key>
				<string>YES</string>
				<key>CLANG_WARN_INT_CONVERSION</key>
				<string>YES</string>
				<key>CLANG_WARN_OBJC_ROOT_CLASS</key>
				<string>YES_ERROR</string>
				<key>CLANG_WARN__DUPLICATE_METHOD_MATCH</key>
				<string>YES</string>
				<key>CODE_SIGN_IDENTITY[sdk=iphoneos*]</key>
				<string>iPhone Developer</string>
				<key>COPY_PHASE_STRIP</key>
				<string>NO</string>
				<key>GCC_C_LANGUAGE_STANDARD</key>
				<string>gnu99</string>
				<key>GCC_DYNAMIC_NO_PIC</key>
				<string>NO</string>
				<key>GCC_OPTIMIZATION_LEVEL</key>
				<string>0</string>
				<key>GCC_PREPROCESSOR_DEFINITIONS</key>
				<array>
					<string>DEBUG=1</string>
					<string>$(inherited)</string>
				</array>
				<key>GCC_SYMBOLS_PRIVATE_EXTERN</key>
				<string>NO</string>
				<key>GCC_WARN_64_TO_32_BIT_CONVERSION</key>
				<string>YES</string>
				<key>GCC_WARN_ABOUT_RETURN_TYPE</key>
				<string>YES_ERROR</string>
				<key>GCC_WARN_UNDECLARED_SELECTOR</key>
				<string>YES</string>
				<key>GCC_WARN_UNINITIALIZED_AUTOS</key>
				<string>YES</string>
				<key>GCC_WARN_UNUSED_FUNCTION</key>
				<string>YES</string>
				<key>GCC_WARN_UNUSED_VARIABLE</key>
				<string>YES</string>
				<key>IPHONEOS_DEPLOYMENT_TARGET</key>
				<string>7.0</string>
				<key>ONLY_ACTIVE_ARCH</key>
				<string>YES</string>
				<key>SDKROOT</key>
				<string>iphoneos</string>
			</dict>
			<key>isa</key>
			<string>XCBuildConfiguration</string>
			<key>name</key>
			<string>Debug</string>
		</dict>
		<key>30A53A1C1805E8B300ADDE98</key>
		<dict>
			<key>buildSettings</key>
			<dict>
				<key>ALWAYS_SEARCH_USER_PATHS</key>
				<string>NO</string>
				<key>ARCHS</key>
				<string>$(ARCHS_STANDARD_INCLUDING_64_BIT)</string>
				<key>CLANG_CXX_LANGUAGE_STANDARD</key>
				<string>gnu++0x</string>
				<key>CLANG_CXX_LIBRARY</key>
				<string>libc++</string>
				<key>CLANG_ENABLE_MODULES</key>
				<string>YES</string>
				<key>CLANG_ENABLE_OBJC_ARC</key>
				<string>YES</string>
				<key>CLANG_WARN_BOOL_CONVERSION</key>
				<string>YES</string>
				<key>CLANG_WARN_CONSTANT_CONVERSION</key>
				<string>YES</string>
				<key>CLANG_WARN_DIRECT_OBJC_ISA_USAGE</key>
				<string>YES_ERROR</string>
				<key>CLANG_WARN_EMPTY_BODY</key>
				<string>YES</string>
				<key>CLANG_WARN_ENUM_CONVERSION</key>
				<string>YES</string>
				<key>CLANG_WARN_INT_CONVERSION</key>
				<string>YES</string>
				<key>CLANG_WARN_OBJC_ROOT_CLASS</key>
				<string>YES_ERROR</string>
				<key>CLANG_WARN__DUPLICATE_METHOD_MATCH</key>
				<string>YES</string>
				<key>CODE_SIGN_IDENTITY[sdk=iphoneos*]</key>
				<string>iPhone Developer</string>
				<key>COPY_PHASE_STRIP</key>
				<string>YES</string>
				<key>ENABLE_NS_ASSERTIONS</key>
				<string>NO</string>
				<key>GCC_C_LANGUAGE_STANDARD</key>
				<string>gnu99</string>
				<key>GCC_WARN_64_TO_32_BIT_CONVERSION</key>
				<string>YES</string>
				<key>GCC_WARN_ABOUT_RETURN_TYPE</key>
				<string>YES_ERROR</string>
				<key>GCC_WARN_UNDECLARED_SELECTOR</key>
				<string>YES</string>
				<key>GCC_WARN_UNINITIALIZED_AUTOS</key>
				<string>YES</string>
				<key>GCC_WARN_UNUSED_FUNCTION</key>
				<string>YES</string>
				<key>GCC_WARN_UNUSED_VARIABLE</key>
				<string>YES</string>
				<key>IPHONEOS_DEPLOYMENT_TARGET</key>
				<string>7.0</string>
				<key>SDKROOT</key>
				<string>iphoneos</string>
				<key>VALIDATE_PRODUCT</key>
				<string>YES</string>
			</dict>
			<key>isa</key>
			<string>XCBuildConfiguration</string>
			<key>name</key>
			<string>Release</string>
		</dict>
		<key>30A53A1D1805E8B300ADDE98</key>
		<dict>
			<key>buildConfigurations</key>
			<array>
				<string>30A53A1E1805E8B300ADDE98</string>
				<string>30A53A1F1805E8B300ADDE98</string>
			</array>
			<key>defaultConfigurationIsVisible</key>
			<string>0</string>
			<key>defaultConfigurationName</key>
			<string>Release</string>
			<key>isa</key>
			<string>XCConfigurationList</string>
		</dict>
		<key>30A53A1E1805E8B300ADDE98</key>
		<dict>
			<key>baseConfigurationReference</key>
			<string>9ED7027564474637B3692AF4</string>
			<key>buildSettings</key>
			<dict>
				<key>ASSETCATALOG_COMPILER_APPICON_NAME</key>
				<string>AppIcon</string>
				<key>ASSETCATALOG_COMPILER_LAUNCHIMAGE_NAME</key>
				<string>LaunchImage</string>
				<key>GCC_PRECOMPILE_PREFIX_HEADER</key>
				<string>YES</string>
				<key>GCC_PREFIX_HEADER</key>
				<string>LocationQuiz/LocationQuiz-Prefix.pch</string>
				<key>INFOPLIST_FILE</key>
				<string>LocationQuiz/LocationQuiz-Info.plist</string>
				<key>PRODUCT_NAME</key>
				<string>$(TARGET_NAME)</string>
				<key>WRAPPER_EXTENSION</key>
				<string>app</string>
			</dict>
			<key>isa</key>
			<string>XCBuildConfiguration</string>
			<key>name</key>
			<string>Debug</string>
		</dict>
		<key>30A53A1F1805E8B300ADDE98</key>
		<dict>
			<key>baseConfigurationReference</key>
			<string>9ED7027564474637B3692AF4</string>
			<key>buildSettings</key>
			<dict>
				<key>ASSETCATALOG_COMPILER_APPICON_NAME</key>
				<string>AppIcon</string>
				<key>ASSETCATALOG_COMPILER_LAUNCHIMAGE_NAME</key>
				<string>LaunchImage</string>
				<key>GCC_PRECOMPILE_PREFIX_HEADER</key>
				<string>YES</string>
				<key>GCC_PREFIX_HEADER</key>
				<string>LocationQuiz/LocationQuiz-Prefix.pch</string>
				<key>INFOPLIST_FILE</key>
				<string>LocationQuiz/LocationQuiz-Info.plist</string>
				<key>PRODUCT_NAME</key>
				<string>$(TARGET_NAME)</string>
				<key>WRAPPER_EXTENSION</key>
				<string>app</string>
			</dict>
			<key>isa</key>
			<string>XCBuildConfiguration</string>
			<key>name</key>
			<string>Release</string>
		</dict>
		<key>30A53A201805E8B300ADDE98</key>
		<dict>
			<key>buildConfigurations</key>
			<array>
				<string>30A53A211805E8B300ADDE98</string>
				<string>30A53A221805E8B300ADDE98</string>
			</array>
			<key>defaultConfigurationIsVisible</key>
			<string>0</string>
			<key>defaultConfigurationName</key>
			<string>Release</string>
			<key>isa</key>
			<string>XCConfigurationList</string>
		</dict>
		<key>30A53A211805E8B300ADDE98</key>
		<dict>
			<key>buildSettings</key>
			<dict>
				<key>ARCHS</key>
				<string>$(ARCHS_STANDARD_INCLUDING_64_BIT)</string>
				<key>BUNDLE_LOADER</key>
				<string>$(BUILT_PRODUCTS_DIR)/LocationQuiz.app/LocationQuiz</string>
				<key>FRAMEWORK_SEARCH_PATHS</key>
				<array>
					<string>$(SDKROOT)/Developer/Library/Frameworks</string>
					<string>$(inherited)</string>
					<string>$(DEVELOPER_FRAMEWORKS_DIR)</string>
				</array>
				<key>GCC_PRECOMPILE_PREFIX_HEADER</key>
				<string>YES</string>
				<key>GCC_PREFIX_HEADER</key>
				<string>LocationQuiz/LocationQuiz-Prefix.pch</string>
				<key>GCC_PREPROCESSOR_DEFINITIONS</key>
				<array>
					<string>DEBUG=1</string>
					<string>$(inherited)</string>
				</array>
				<key>INFOPLIST_FILE</key>
				<string>LocationQuizTests/LocationQuizTests-Info.plist</string>
				<key>PRODUCT_NAME</key>
				<string>$(TARGET_NAME)</string>
				<key>TEST_HOST</key>
				<string>$(BUNDLE_LOADER)</string>
				<key>WRAPPER_EXTENSION</key>
				<string>xctest</string>
			</dict>
			<key>isa</key>
			<string>XCBuildConfiguration</string>
			<key>name</key>
			<string>Debug</string>
		</dict>
		<key>30A53A221805E8B300ADDE98</key>
		<dict>
			<key>buildSettings</key>
			<dict>
				<key>ARCHS</key>
				<string>$(ARCHS_STANDARD_INCLUDING_64_BIT)</string>
				<key>BUNDLE_LOADER</key>
				<string>$(BUILT_PRODUCTS_DIR)/LocationQuiz.app/LocationQuiz</string>
				<key>FRAMEWORK_SEARCH_PATHS</key>
				<array>
					<string>$(SDKROOT)/Developer/Library/Frameworks</string>
					<string>$(inherited)</string>
					<string>$(DEVELOPER_FRAMEWORKS_DIR)</string>
				</array>
				<key>GCC_PRECOMPILE_PREFIX_HEADER</key>
				<string>YES</string>
				<key>GCC_PREFIX_HEADER</key>
				<string>LocationQuiz/LocationQuiz-Prefix.pch</string>
				<key>INFOPLIST_FILE</key>
				<string>LocationQuizTests/LocationQuizTests-Info.plist</string>
				<key>PRODUCT_NAME</key>
				<string>$(TARGET_NAME)</string>
				<key>TEST_HOST</key>
				<string>$(BUNDLE_LOADER)</string>
				<key>WRAPPER_EXTENSION</key>
				<string>xctest</string>
			</dict>
			<key>isa</key>
			<string>XCBuildConfiguration</string>
			<key>name</key>
			<string>Release</string>
		</dict>
		<key>30A53A2C1805F2E900ADDE98</key>
		<dict>
			<key>children</key>
			<array>
				<string>D87F684518181A0A0045DCD3</string>
				<string>F11B362E18187C0B005F2D8C</string>
				<string>F11B362F18187C0B005F2D8C</string>
				<string>F11B362B18187C0B005F2D8C</string>
				<string>F11B362C18187C0B005F2D8C</string>
				<string>D87F6857181820A80045DCD3</string>
				<string>D87F6858181820A80045DCD3</string>
				<string>D87F685A181820A90045DCD3</string>
				<string>D87F685B181820A90045DCD3</string>
				<string>D87F685D181820A90045DCD3</string>
				<string>D87F685E181820A90045DCD3</string>
				<string>D87F6860181820A90045DCD3</string>
				<string>D87F6861181820A90045DCD3</string>
				<string>30A539FD1805E8B300ADDE98</string>
				<string>30A539FE1805E8B300ADDE98</string>
				<string>30A53A2E1806061C00ADDE98</string>
				<string>30A53A2F1806061C00ADDE98</string>
			</array>
			<key>isa</key>
			<string>PBXGroup</string>
			<key>name</key>
			<string>Model</string>
			<key>sourceTree</key>
			<string>&lt;group&gt;</string>
		</dict>
		<key>30A53A2D1805F2EE00ADDE98</key>
		<dict>
			<key>children</key>
			<array>
				<string>F19168721819647E006C3682</string>
				<string>F19168731819647E006C3682</string>
				<string>F19168741819647E006C3682</string>
				<string>30A53A031805E8B300ADDE98</string>
				<string>30A53A041805E8B300ADDE98</string>
				<string>F11B6022180C97CE005A15E8</string>
				<string>30A53A001805E8B300ADDE98</string>
				<string>F1916864181954FC006C3682</string>
				<string>F1916865181954FC006C3682</string>
				<string>F1916866181954FC006C3682</string>
				<string>F19610DD18073279005A9849</string>
				<string>F19610DE18073279005A9849</string>
				<string>F11B601D180C8233005A15E8</string>
				<string>F11B601E180C8233005A15E8</string>
				<string>F11B601F180C8233005A15E8</string>
				<string>F19610EB1807519B005A9849</string>
				<string>F19610EC1807519B005A9849</string>
				<string>F19610ED1807519B005A9849</string>
				<string>F19610E218073863005A9849</string>
				<string>F19610E318073863005A9849</string>
				<string>6ED59B691819590B003B4BAC</string>
				<string>6ED59B6A1819590B003B4BAC</string>
			</array>
			<key>isa</key>
			<string>PBXGroup</string>
			<key>name</key>
			<string>ViewAndViewController</string>
			<key>sourceTree</key>
			<string>&lt;group&gt;</string>
		</dict>
		<key>30A53A2E1806061C00ADDE98</key>
		<dict>
			<key>fileEncoding</key>
			<string>4</string>
			<key>isa</key>
			<string>PBXFileReference</string>
			<key>lastKnownFileType</key>
			<string>sourcecode.c.h</string>
			<key>path</key>
			<string>User.h</string>
			<key>sourceTree</key>
			<string>&lt;group&gt;</string>
		</dict>
		<key>30A53A2F1806061C00ADDE98</key>
		<dict>
			<key>fileEncoding</key>
			<string>4</string>
			<key>isa</key>
			<string>PBXFileReference</string>
			<key>lastKnownFileType</key>
			<string>sourcecode.c.objc</string>
			<key>path</key>
			<string>User.m</string>
			<key>sourceTree</key>
			<string>&lt;group&gt;</string>
		</dict>
		<key>30A53A301806061C00ADDE98</key>
		<dict>
			<key>fileRef</key>
			<string>30A53A2F1806061C00ADDE98</string>
			<key>isa</key>
			<string>PBXBuildFile</string>
		</dict>
		<key>30A53A341806090F00ADDE98</key>
		<dict>
			<key>isa</key>
			<string>PBXFileReference</string>
			<key>lastKnownFileType</key>
			<string>wrapper.framework</string>
			<key>name</key>
			<string>CoreLocation.framework</string>
			<key>path</key>
			<string>System/Library/Frameworks/CoreLocation.framework</string>
			<key>sourceTree</key>
			<string>SDKROOT</string>
		</dict>
		<key>30A53A351806090F00ADDE98</key>
		<dict>
			<key>fileRef</key>
			<string>30A53A341806090F00ADDE98</string>
			<key>isa</key>
			<string>PBXBuildFile</string>
		</dict>
		<key>58B82988CFA44CDBBF8BB300</key>
		<dict>
			<key>fileRef</key>
			<string>D678747B17394053BADA2260</string>
			<key>isa</key>
			<string>PBXBuildFile</string>
		</dict>
		<key>660D8B4FFB704D61BB36FE62</key>
		<dict>
			<key>buildActionMask</key>
			<string>2147483647</string>
			<key>files</key>
			<array/>
			<key>inputPaths</key>
			<array/>
			<key>isa</key>
			<string>PBXShellScriptBuildPhase</string>
			<key>name</key>
			<string>Check Pods Manifest.lock</string>
			<key>outputPaths</key>
			<array/>
			<key>runOnlyForDeploymentPostprocessing</key>
			<string>0</string>
			<key>shellPath</key>
			<string>/bin/sh</string>
			<key>shellScript</key>
			<string>diff "${PODS_ROOT}/../Podfile.lock" "${PODS_ROOT}/Manifest.lock" &gt; /dev/null
if [[ $? != 0 ]] ; then
    cat &lt;&lt; EOM
error: The sandbox is not in sync with the Podfile.lock. Run 'pod install' or update your CocoaPods installation.
EOM
    exit 1
fi
</string>
			<key>showEnvVarsInLog</key>
			<string>0</string>
		</dict>
		<key>6ED59B691819590B003B4BAC</key>
		<dict>
			<key>fileEncoding</key>
			<string>4</string>
			<key>isa</key>
			<string>PBXFileReference</string>
			<key>lastKnownFileType</key>
			<string>sourcecode.c.h</string>
			<key>path</key>
			<string>AddLocationViewController.h</string>
			<key>sourceTree</key>
			<string>&lt;group&gt;</string>
		</dict>
		<key>6ED59B6A1819590B003B4BAC</key>
		<dict>
			<key>fileEncoding</key>
			<string>4</string>
			<key>isa</key>
			<string>PBXFileReference</string>
			<key>lastKnownFileType</key>
			<string>sourcecode.c.objc</string>
			<key>path</key>
			<string>AddLocationViewController.m</string>
			<key>sourceTree</key>
			<string>&lt;group&gt;</string>
		</dict>
		<key>6ED59B6B1819590B003B4BAC</key>
		<dict>
			<key>fileRef</key>
			<string>6ED59B6A1819590B003B4BAC</string>
			<key>isa</key>
			<string>PBXBuildFile</string>
		</dict>
		<key>9ED7027564474637B3692AF4</key>
		<dict>
			<key>includeInIndex</key>
			<string>1</string>
			<key>isa</key>
			<string>PBXFileReference</string>
			<key>lastKnownFileType</key>
			<string>text.xcconfig</string>
			<key>name</key>
			<string>Pods.xcconfig</string>
			<key>path</key>
			<string>Pods/Pods.xcconfig</string>
			<key>sourceTree</key>
			<string>&lt;group&gt;</string>
		</dict>
		<key>D678747B17394053BADA2260</key>
		<dict>
			<key>explicitFileType</key>
			<string>archive.ar</string>
			<key>includeInIndex</key>
			<string>0</string>
			<key>isa</key>
			<string>PBXFileReference</string>
			<key>path</key>
			<string>libPods.a</string>
			<key>sourceTree</key>
			<string>BUILT_PRODUCTS_DIR</string>
		</dict>
		<key>D87F684518181A0A0045DCD3</key>
		<dict>
			<key>children</key>
			<array>
				<string>D87F684618181A0A0045DCD3</string>
			</array>
			<key>currentVersion</key>
			<string>D87F684618181A0A0045DCD3</string>
			<key>isa</key>
			<string>XCVersionGroup</string>
			<key>name</key>
			<string>Model.xcdatamodeld</string>
			<key>path</key>
			<string>../Model.xcdatamodeld</string>
			<key>sourceTree</key>
			<string>&lt;group&gt;</string>
			<key>versionGroupType</key>
			<string>wrapper.xcdatamodel</string>
		</dict>
		<key>D87F684618181A0A0045DCD3</key>
		<dict>
			<key>isa</key>
			<string>PBXFileReference</string>
			<key>lastKnownFileType</key>
			<string>wrapper.xcdatamodel</string>
			<key>path</key>
			<string>Model.xcdatamodel</string>
			<key>sourceTree</key>
			<string>&lt;group&gt;</string>
		</dict>
		<key>D87F684718181A0A0045DCD3</key>
		<dict>
			<key>fileRef</key>
			<string>D87F684518181A0A0045DCD3</string>
			<key>isa</key>
			<string>PBXBuildFile</string>
		</dict>
		<key>D87F6857181820A80045DCD3</key>
		<dict>
			<key>fileEncoding</key>
			<string>4</string>
			<key>isa</key>
			<string>PBXFileReference</string>
			<key>lastKnownFileType</key>
			<string>sourcecode.c.h</string>
			<key>path</key>
			<string>Question.h</string>
			<key>sourceTree</key>
			<string>SOURCE_ROOT</string>
		</dict>
		<key>D87F6858181820A80045DCD3</key>
		<dict>
			<key>fileEncoding</key>
			<string>4</string>
			<key>isa</key>
			<string>PBXFileReference</string>
			<key>lastKnownFileType</key>
			<string>sourcecode.c.objc</string>
			<key>path</key>
			<string>Question.m</string>
			<key>sourceTree</key>
			<string>SOURCE_ROOT</string>
		</dict>
		<key>D87F6859181820A80045DCD3</key>
		<dict>
			<key>fileRef</key>
			<string>D87F6858181820A80045DCD3</string>
			<key>isa</key>
			<string>PBXBuildFile</string>
		</dict>
		<key>D87F685A181820A90045DCD3</key>
		<dict>
			<key>fileEncoding</key>
			<string>4</string>
			<key>isa</key>
			<string>PBXFileReference</string>
			<key>lastKnownFileType</key>
			<string>sourcecode.c.h</string>
			<key>path</key>
			<string>Card.h</string>
			<key>sourceTree</key>
			<string>SOURCE_ROOT</string>
		</dict>
		<key>D87F685B181820A90045DCD3</key>
		<dict>
			<key>fileEncoding</key>
			<string>4</string>
			<key>isa</key>
			<string>PBXFileReference</string>
			<key>lastKnownFileType</key>
			<string>sourcecode.c.objc</string>
			<key>path</key>
			<string>Card.m</string>
			<key>sourceTree</key>
			<string>SOURCE_ROOT</string>
		</dict>
		<key>D87F685C181820A90045DCD3</key>
		<dict>
			<key>fileRef</key>
			<string>D87F685B181820A90045DCD3</string>
			<key>isa</key>
			<string>PBXBuildFile</string>
		</dict>
		<key>D87F685D181820A90045DCD3</key>
		<dict>
			<key>fileEncoding</key>
			<string>4</string>
			<key>isa</key>
			<string>PBXFileReference</string>
			<key>lastKnownFileType</key>
			<string>sourcecode.c.h</string>
			<key>path</key>
			<string>Quiz.h</string>
			<key>sourceTree</key>
			<string>SOURCE_ROOT</string>
		</dict>
		<key>D87F685E181820A90045DCD3</key>
		<dict>
			<key>fileEncoding</key>
			<string>4</string>
			<key>isa</key>
			<string>PBXFileReference</string>
			<key>lastKnownFileType</key>
			<string>sourcecode.c.objc</string>
			<key>path</key>
			<string>Quiz.m</string>
			<key>sourceTree</key>
			<string>SOURCE_ROOT</string>
		</dict>
		<key>D87F685F181820A90045DCD3</key>
		<dict>
			<key>fileRef</key>
			<string>D87F685E181820A90045DCD3</string>
			<key>isa</key>
			<string>PBXBuildFile</string>
		</dict>
		<key>D87F6860181820A90045DCD3</key>
		<dict>
			<key>fileEncoding</key>
			<string>4</string>
			<key>isa</key>
			<string>PBXFileReference</string>
			<key>lastKnownFileType</key>
			<string>sourcecode.c.h</string>
			<key>path</key>
			<string>Answer.h</string>
			<key>sourceTree</key>
			<string>SOURCE_ROOT</string>
		</dict>
		<key>D87F6861181820A90045DCD3</key>
		<dict>
			<key>fileEncoding</key>
			<string>4</string>
			<key>isa</key>
			<string>PBXFileReference</string>
			<key>lastKnownFileType</key>
			<string>sourcecode.c.objc</string>
			<key>path</key>
			<string>Answer.m</string>
			<key>sourceTree</key>
			<string>SOURCE_ROOT</string>
		</dict>
		<key>D87F6862181820A90045DCD3</key>
		<dict>
			<key>fileRef</key>
			<string>D87F6861181820A90045DCD3</string>
			<key>isa</key>
			<string>PBXBuildFile</string>
		</dict>
		<key>E3902952446244FE8D0DC8F4</key>
		<dict>
			<key>buildActionMask</key>
			<string>2147483647</string>
			<key>files</key>
			<array/>
			<key>inputPaths</key>
			<array/>
			<key>isa</key>
			<string>PBXShellScriptBuildPhase</string>
			<key>name</key>
			<string>Copy Pods Resources</string>
			<key>outputPaths</key>
			<array/>
			<key>runOnlyForDeploymentPostprocessing</key>
			<string>0</string>
			<key>shellPath</key>
			<string>/bin/sh</string>
			<key>shellScript</key>
			<string>"${SRCROOT}/Pods/Pods-resources.sh"
</string>
			<key>showEnvVarsInLog</key>
			<string>0</string>
		</dict>
		<key>F11B362B18187C0B005F2D8C</key>
		<dict>
			<key>fileEncoding</key>
			<string>4</string>
			<key>isa</key>
			<string>PBXFileReference</string>
			<key>lastKnownFileType</key>
			<string>sourcecode.c.h</string>
			<key>path</key>
			<string>Fact.h</string>
			<key>sourceTree</key>
			<string>&lt;group&gt;</string>
		</dict>
		<key>F11B362C18187C0B005F2D8C</key>
		<dict>
			<key>fileEncoding</key>
			<string>4</string>
			<key>isa</key>
			<string>PBXFileReference</string>
			<key>lastKnownFileType</key>
			<string>sourcecode.c.objc</string>
			<key>path</key>
			<string>Fact.m</string>
			<key>sourceTree</key>
			<string>&lt;group&gt;</string>
		</dict>
		<key>F11B362D18187C0B005F2D8C</key>
		<dict>
			<key>fileRef</key>
			<string>F11B362C18187C0B005F2D8C</string>
			<key>isa</key>
			<string>PBXBuildFile</string>
		</dict>
		<key>F11B362E18187C0B005F2D8C</key>
		<dict>
			<key>fileEncoding</key>
			<string>4</string>
			<key>isa</key>
			<string>PBXFileReference</string>
			<key>lastKnownFileType</key>
			<string>sourcecode.c.h</string>
			<key>path</key>
			<string>Location.h</string>
			<key>sourceTree</key>
			<string>&lt;group&gt;</string>
		</dict>
		<key>F11B362F18187C0B005F2D8C</key>
		<dict>
			<key>fileEncoding</key>
			<string>4</string>
			<key>isa</key>
			<string>PBXFileReference</string>
			<key>lastKnownFileType</key>
			<string>sourcecode.c.objc</string>
			<key>path</key>
			<string>Location.m</string>
			<key>sourceTree</key>
			<string>&lt;group&gt;</string>
		</dict>
		<key>F11B363018187C0B005F2D8C</key>
		<dict>
			<key>fileRef</key>
			<string>F11B362F18187C0B005F2D8C</string>
			<key>isa</key>
			<string>PBXBuildFile</string>
		</dict>
		<key>F11B601D180C8233005A15E8</key>
		<dict>
			<key>fileEncoding</key>
			<string>4</string>
			<key>isa</key>
			<string>PBXFileReference</string>
			<key>lastKnownFileType</key>
			<string>sourcecode.c.h</string>
			<key>path</key>
			<string>listTableViewController.h</string>
			<key>sourceTree</key>
			<string>&lt;group&gt;</string>
		</dict>
		<key>F11B601E180C8233005A15E8</key>
		<dict>
			<key>fileEncoding</key>
			<string>4</string>
			<key>isa</key>
			<string>PBXFileReference</string>
			<key>lastKnownFileType</key>
			<string>sourcecode.c.objc</string>
			<key>path</key>
			<string>listTableViewController.m</string>
			<key>sourceTree</key>
			<string>&lt;group&gt;</string>
		</dict>
		<key>F11B601F180C8233005A15E8</key>
		<dict>
			<key>fileEncoding</key>
			<string>4</string>
			<key>isa</key>
			<string>PBXFileReference</string>
			<key>lastKnownFileType</key>
			<string>file.xib</string>
			<key>path</key>
			<string>listTableViewController.xib</string>
			<key>sourceTree</key>
			<string>&lt;group&gt;</string>
		</dict>
		<key>F11B6020180C8233005A15E8</key>
		<dict>
			<key>fileRef</key>
			<string>F11B601E180C8233005A15E8</string>
			<key>isa</key>
			<string>PBXBuildFile</string>
		</dict>
		<key>F11B6021180C8233005A15E8</key>
		<dict>
			<key>fileRef</key>
			<string>F11B601F180C8233005A15E8</string>
			<key>isa</key>
			<string>PBXBuildFile</string>
		</dict>
		<key>F11B6022180C97CE005A15E8</key>
		<dict>
			<key>fileEncoding</key>
			<string>4</string>
			<key>isa</key>
			<string>PBXFileReference</string>
			<key>lastKnownFileType</key>
			<string>file.xib</string>
			<key>path</key>
			<string>ViewController.xib</string>
			<key>sourceTree</key>
			<string>&lt;group&gt;</string>
		</dict>
		<key>F11B6023180C97CE005A15E8</key>
		<dict>
			<key>fileRef</key>
			<string>F11B6022180C97CE005A15E8</string>
			<key>isa</key>
			<string>PBXBuildFile</string>
		</dict>
		<key>F12AB5B3181724B900FF293B</key>
		<dict>
			<key>isa</key>
			<string>PBXFileReference</string>
			<key>lastKnownFileType</key>
			<string>wrapper.framework</string>
			<key>name</key>
			<string>CoreData.framework</string>
			<key>path</key>
			<string>System/Library/Frameworks/CoreData.framework</string>
			<key>sourceTree</key>
			<string>SDKROOT</string>
		</dict>
		<key>F12AB5B4181724B900FF293B</key>
		<dict>
			<key>fileRef</key>
			<string>F12AB5B3181724B900FF293B</string>
			<key>isa</key>
			<string>PBXBuildFile</string>
		</dict>
		<key>F12AB5B8181724ED00FF293B</key>
		<dict>
			<key>fileEncoding</key>
			<string>4</string>
			<key>isa</key>
			<string>PBXFileReference</string>
			<key>lastKnownFileType</key>
			<string>sourcecode.c.h</string>
			<key>path</key>
			<string>SharedStore.h</string>
			<key>sourceTree</key>
			<string>&lt;group&gt;</string>
		</dict>
		<key>F12AB5B9181724ED00FF293B</key>
		<dict>
			<key>fileEncoding</key>
			<string>4</string>
			<key>isa</key>
			<string>PBXFileReference</string>
			<key>lastKnownFileType</key>
			<string>sourcecode.c.objc</string>
			<key>path</key>
			<string>SharedStore.m</string>
			<key>sourceTree</key>
			<string>&lt;group&gt;</string>
		</dict>
		<key>F12AB5BA181724ED00FF293B</key>
		<dict>
			<key>fileRef</key>
			<string>F12AB5B9181724ED00FF293B</string>
			<key>isa</key>
			<string>PBXBuildFile</string>
		</dict>
		<key>F1916862181954B0006C3682</key>
		<dict>
			<key>isa</key>
			<string>PBXFileReference</string>
			<key>lastKnownFileType</key>
			<string>image.png</string>
			<key>path</key>
			<string>recbutton.png</string>
			<key>sourceTree</key>
			<string>&lt;group&gt;</string>
		</dict>
		<key>F1916863181954B0006C3682</key>
		<dict>
			<key>fileRef</key>
			<string>F1916862181954B0006C3682</string>
			<key>isa</key>
			<string>PBXBuildFile</string>
		</dict>
		<key>F1916864181954FC006C3682</key>
		<dict>
			<key>fileEncoding</key>
			<string>4</string>
			<key>isa</key>
			<string>PBXFileReference</string>
			<key>lastKnownFileType</key>
			<string>sourcecode.c.h</string>
			<key>path</key>
			<string>AddFactViewController.h</string>
			<key>sourceTree</key>
			<string>&lt;group&gt;</string>
		</dict>
		<key>F1916865181954FC006C3682</key>
		<dict>
			<key>fileEncoding</key>
			<string>4</string>
			<key>isa</key>
			<string>PBXFileReference</string>
			<key>lastKnownFileType</key>
			<string>sourcecode.c.objc</string>
			<key>path</key>
			<string>AddFactViewController.m</string>
			<key>sourceTree</key>
			<string>&lt;group&gt;</string>
		</dict>
		<key>F1916866181954FC006C3682</key>
		<dict>
			<key>fileEncoding</key>
			<string>4</string>
			<key>isa</key>
			<string>PBXFileReference</string>
			<key>lastKnownFileType</key>
			<string>file.xib</string>
			<key>path</key>
			<string>AddFactViewController.xib</string>
			<key>sourceTree</key>
			<string>&lt;group&gt;</string>
		</dict>
		<key>F1916867181954FC006C3682</key>
		<dict>
			<key>fileRef</key>
			<string>F1916865181954FC006C3682</string>
			<key>isa</key>
			<string>PBXBuildFile</string>
		</dict>
		<key>F1916868181954FC006C3682</key>
		<dict>
			<key>fileRef</key>
			<string>F1916866181954FC006C3682</string>
			<key>isa</key>
			<string>PBXBuildFile</string>
		</dict>
		<key>F1916869181955D7006C3682</key>
		<dict>
			<key>isa</key>
			<string>PBXFileReference</string>
			<key>lastKnownFileType</key>
			<string>wrapper.framework</string>
			<key>name</key>
			<string>AVFoundation.framework</string>
			<key>path</key>
			<string>System/Library/Frameworks/AVFoundation.framework</string>
			<key>sourceTree</key>
			<string>SDKROOT</string>
		</dict>
		<key>F191686A181955D7006C3682</key>
		<dict>
			<key>fileRef</key>
			<string>F1916869181955D7006C3682</string>
			<key>isa</key>
			<string>PBXBuildFile</string>
		</dict>
		<key>F191686B18195B1C006C3682</key>
		<dict>
			<key>isa</key>
			<string>PBXFileReference</string>
			<key>lastKnownFileType</key>
			<string>image.png</string>
			<key>path</key>
			<string>play.png</string>
			<key>sourceTree</key>
			<string>&lt;group&gt;</string>
		</dict>
		<key>F191686C18195B1C006C3682</key>
		<dict>
			<key>fileRef</key>
			<string>F191686B18195B1C006C3682</string>
			<key>isa</key>
			<string>PBXBuildFile</string>
		</dict>
		<key>F19168721819647E006C3682</key>
		<dict>
			<key>fileEncoding</key>
			<string>4</string>
			<key>isa</key>
			<string>PBXFileReference</string>
			<key>lastKnownFileType</key>
			<string>sourcecode.c.h</string>
			<key>name</key>
			<string>ShowFactsViewController.h</string>
			<key>path</key>
			<string>../ShowFactsViewController.h</string>
			<key>sourceTree</key>
			<string>&lt;group&gt;</string>
		</dict>
		<key>F19168731819647E006C3682</key>
		<dict>
			<key>fileEncoding</key>
			<string>4</string>
			<key>isa</key>
			<string>PBXFileReference</string>
			<key>lastKnownFileType</key>
			<string>sourcecode.c.objc</string>
			<key>name</key>
			<string>ShowFactsViewController.m</string>
			<key>path</key>
			<string>../ShowFactsViewController.m</string>
			<key>sourceTree</key>
			<string>&lt;group&gt;</string>
		</dict>
		<key>F19168741819647E006C3682</key>
		<dict>
			<key>fileEncoding</key>
			<string>4</string>
			<key>isa</key>
			<string>PBXFileReference</string>
			<key>lastKnownFileType</key>
			<string>file.xib</string>
			<key>name</key>
			<string>ShowFactsViewController.xib</string>
			<key>path</key>
			<string>../ShowFactsViewController.xib</string>
			<key>sourceTree</key>
			<string>&lt;group&gt;</string>
		</dict>
		<key>F19168751819647F006C3682</key>
		<dict>
			<key>fileRef</key>
			<string>F19168731819647E006C3682</string>
			<key>isa</key>
			<string>PBXBuildFile</string>
		</dict>
		<key>F19168761819647F006C3682</key>
		<dict>
			<key>fileRef</key>
			<string>F19168741819647E006C3682</string>
			<key>isa</key>
			<string>PBXBuildFile</string>
		</dict>
		<key>F19610DD18073279005A9849</key>
		<dict>
			<key>fileEncoding</key>
			<string>4</string>
			<key>isa</key>
			<string>PBXFileReference</string>
			<key>lastKnownFileType</key>
			<string>sourcecode.c.h</string>
			<key>path</key>
			<string>MapViewController.h</string>
			<key>sourceTree</key>
			<string>&lt;group&gt;</string>
		</dict>
		<key>F19610DE18073279005A9849</key>
		<dict>
			<key>fileEncoding</key>
			<string>4</string>
			<key>isa</key>
			<string>PBXFileReference</string>
			<key>lastKnownFileType</key>
			<string>sourcecode.c.objc</string>
			<key>path</key>
			<string>MapViewController.m</string>
			<key>sourceTree</key>
			<string>&lt;group&gt;</string>
		</dict>
		<key>F19610DF18073279005A9849</key>
		<dict>
			<key>fileRef</key>
			<string>F19610DE18073279005A9849</string>
			<key>isa</key>
			<string>PBXBuildFile</string>
		</dict>
		<key>F19610E0180732D4005A9849</key>
		<dict>
			<key>isa</key>
			<string>PBXFileReference</string>
			<key>lastKnownFileType</key>
			<string>wrapper.framework</string>
			<key>name</key>
			<string>MapKit.framework</string>
			<key>path</key>
			<string>System/Library/Frameworks/MapKit.framework</string>
			<key>sourceTree</key>
			<string>SDKROOT</string>
		</dict>
		<key>F19610E1180732D4005A9849</key>
		<dict>
			<key>fileRef</key>
			<string>F19610E0180732D4005A9849</string>
			<key>isa</key>
			<string>PBXBuildFile</string>
		</dict>
		<key>F19610E218073863005A9849</key>
		<dict>
			<key>fileEncoding</key>
			<string>4</string>
			<key>isa</key>
			<string>PBXFileReference</string>
			<key>lastKnownFileType</key>
			<string>sourcecode.c.h</string>
			<key>path</key>
			<string>PointOfInterestMapPoint.h</string>
			<key>sourceTree</key>
			<string>&lt;group&gt;</string>
		</dict>
		<key>F19610E318073863005A9849</key>
		<dict>
			<key>fileEncoding</key>
			<string>4</string>
			<key>isa</key>
			<string>PBXFileReference</string>
			<key>lastKnownFileType</key>
			<string>sourcecode.c.objc</string>
			<key>path</key>
			<string>PointOfInterestMapPoint.m</string>
			<key>sourceTree</key>
			<string>&lt;group&gt;</string>
		</dict>
		<key>F19610E418073863005A9849</key>
		<dict>
			<key>fileRef</key>
			<string>F19610E318073863005A9849</string>
			<key>isa</key>
			<string>PBXBuildFile</string>
		</dict>
		<key>F19610E818074FFD005A9849</key>
		<dict>
			<key>children</key>
			<array>
				<string>F191686B18195B1C006C3682</string>
				<string>F1916862181954B0006C3682</string>
				<string>F19610E918074FFD005A9849</string>
			</array>
			<key>isa</key>
			<string>PBXGroup</string>
			<key>name</key>
			<string>imagesadded</string>
			<key>path</key>
			<string>LocationQuiz/imagesadded</string>
			<key>sourceTree</key>
			<string>&lt;group&gt;</string>
		</dict>
		<key>F19610E918074FFD005A9849</key>
		<dict>
			<key>isa</key>
			<string>PBXFileReference</string>
			<key>lastKnownFileType</key>
			<string>image.png</string>
			<key>path</key>
			<string>loc.png</string>
			<key>sourceTree</key>
			<string>&lt;group&gt;</string>
		</dict>
		<key>F19610EA18074FFD005A9849</key>
		<dict>
			<key>fileRef</key>
			<string>F19610E918074FFD005A9849</string>
			<key>isa</key>
			<string>PBXBuildFile</string>
		</dict>
		<key>F19610EB1807519B005A9849</key>
		<dict>
			<key>fileEncoding</key>
			<string>4</string>
			<key>isa</key>
			<string>PBXFileReference</string>
			<key>lastKnownFileType</key>
			<string>sourcecode.c.h</string>
			<key>path</key>
			<string>LandmarkInfoViewController.h</string>
			<key>sourceTree</key>
			<string>&lt;group&gt;</string>
		</dict>
		<key>F19610EC1807519B005A9849</key>
		<dict>
			<key>fileEncoding</key>
			<string>4</string>
			<key>isa</key>
			<string>PBXFileReference</string>
			<key>lastKnownFileType</key>
			<string>sourcecode.c.objc</string>
			<key>path</key>
			<string>LandmarkInfoViewController.m</string>
			<key>sourceTree</key>
			<string>&lt;group&gt;</string>
		</dict>
		<key>F19610ED1807519B005A9849</key>
		<dict>
			<key>fileEncoding</key>
			<string>4</string>
			<key>isa</key>
			<string>PBXFileReference</string>
			<key>lastKnownFileType</key>
			<string>file.xib</string>
			<key>path</key>
			<string>LandmarkInfoViewController.xib</string>
			<key>sourceTree</key>
			<string>&lt;group&gt;</string>
		</dict>
		<key>F19610EE1807519B005A9849</key>
		<dict>
			<key>fileRef</key>
			<string>F19610EC1807519B005A9849</string>
			<key>isa</key>
			<string>PBXBuildFile</string>
		</dict>
		<key>F19610EF1807519B005A9849</key>
		<dict>
			<key>fileRef</key>
			<string>F19610ED1807519B005A9849</string>
			<key>isa</key>
			<string>PBXBuildFile</string>
		</dict>
	</dict>
	<key>rootObject</key>
	<string>30A539E31805E8B300ADDE98</string>
</dict>
</plist>
